
Microsoft Visual Studio Solution File, Format Version 12.00
# Visual Studio Version 17
VisualStudioVersion = 17.14.36221.1
MinimumVisualStudioVersion = 10.0.40219.1
Project("{FAE04EC0-301F-11D3-BF4B-00C04F79EFBC}") = "react.core.Server", "react.core.Server\react.core.Server.csproj", "{5D6E510E-8715-3386-2977-A4C44CBEA036}"
EndProject
Project("{54A90642-561A-4BB1-A94E-469ADEE60C69}") = "react.core.Client", "react.core.client\react.core.Client.esproj", "{B384EB3B-69D0-51CB-B1A5-94F946F9BB17}"
EndProject
Global
	GlobalSection(SolutionConfigurationPlatforms) = preSolution
		Debug|Any CPU = Debug|Any CPU
		Release|Any CPU = Release|Any CPU
	EndGlobalSection
	GlobalSection(ProjectConfigurationPlatforms) = postSolution
		{5D6E510E-8715-3386-2977-A4C44CBEA036}.Debug|Any CPU.ActiveCfg = Debug|Any CPU
		{5D6E510E-8715-3386-2977-A4C44CBEA036}.Debug|Any CPU.Build.0 = Debug|Any CPU
		{5D6E510E-8715-3386-2977-A4C44CBEA036}.Release|Any CPU.ActiveCfg = Release|Any CPU
		{5D6E510E-8715-3386-2977-A4C44CBEA036}.Release|Any CPU.Build.0 = Release|Any CPU
		{B384EB3B-69D0-51CB-B1A5-94F946F9BB17}.Debug|Any CPU.ActiveCfg = Debug|Any CPU
		{B384EB3B-69D0-51CB-B1A5-94F946F9BB17}.Debug|Any CPU.Build.0 = Debug|Any CPU
		{B384EB3B-69D0-51CB-B1A5-94F946F9BB17}.Debug|Any CPU.Deploy.0 = Debug|Any CPU
		{B384EB3B-69D0-51CB-B1A5-94F946F9BB17}.Release|Any CPU.ActiveCfg = Release|Any CPU
		{B384EB3B-69D0-51CB-B1A5-94F946F9BB17}.Release|Any CPU.Build.0 = Release|Any CPU
		{B384EB3B-69D0-51CB-B1A5-94F946F9BB17}.Release|Any CPU.Deploy.0 = Release|Any CPU
	EndGlobalSection
	GlobalSection(SolutionProperties) = preSolution
		HideSolutionNode = FALSE
	EndGlobalSection
	GlobalSection(ExtensibilityGlobals) = postSolution
		SolutionGuid = {B37CD4F0-C52F-4D33-9456-A3802BAAB85E}
	EndGlobalSection
EndGlobal
