
Microsoft Visual Studio Solution File, Format Version 12.00
# Visual Studio Version 17
VisualStudioVersion = 17.14.36401.2 d17.14
MinimumVisualStudioVersion = 10.0.40219.1
Project("{54A90642-561A-4BB1-A94E-469ADEE60C69}") = "react.core.client", "react.core.client\react.core.client.esproj", "{B384EB3B-69D0-51CB-B1A5-94F946F9BB17}"
EndProject
Project("{FAE04EC0-301F-11D3-BF4B-00C04F79EFBC}") = "react.core.server", "react.core.server\react.core.server.csproj", "{F684A9C3-FCA4-493A-BB63-AE0766FE3E4B}"
EndProject
Global
	GlobalSection(SolutionConfigurationPlatforms) = preSolution
		Debug|Any CPU = Debug|Any CPU
		Release|Any CPU = Release|Any CPU
	EndGlobalSection
	GlobalSection(ProjectConfigurationPlatforms) = postSolution
		{B384EB3B-69D0-51CB-B1A5-94F946F9BB17}.Debug|Any CPU.ActiveCfg = Debug|Any CPU
		{B384EB3B-69D0-51CB-B1A5-94F946F9BB17}.Debug|Any CPU.Build.0 = Debug|Any CPU
		{B384EB3B-69D0-51CB-B1A5-94F946F9BB17}.Debug|Any CPU.Deploy.0 = Debug|Any CPU
		{B384EB3B-69D0-51CB-B1A5-94F946F9BB17}.Release|Any CPU.ActiveCfg = Release|Any CPU
		{B384EB3B-69D0-51CB-B1A5-94F946F9BB17}.Release|Any CPU.Build.0 = Release|Any CPU
		{B384EB3B-69D0-51CB-B1A5-94F946F9BB17}.Release|Any CPU.Deploy.0 = Release|Any CPU
		{F684A9C3-FCA4-493A-BB63-AE0766FE3E4B}.Debug|Any CPU.ActiveCfg = Debug|Any CPU
		{F684A9C3-FCA4-493A-BB63-AE0766FE3E4B}.Debug|Any CPU.Build.0 = Debug|Any CPU
		{F684A9C3-FCA4-493A-BB63-AE0766FE3E4B}.Release|Any CPU.ActiveCfg = Release|Any CPU
		{F684A9C3-FCA4-493A-BB63-AE0766FE3E4B}.Release|Any CPU.Build.0 = Release|Any CPU
	EndGlobalSection
	GlobalSection(SolutionProperties) = preSolution
		HideSolutionNode = FALSE
	EndGlobalSection
	GlobalSection(ExtensibilityGlobals) = postSolution
		SolutionGuid = {541E7048-5DF6-4DC9-8E03-125D180C4A93}
	EndGlobalSection
EndGlobal
